
Microsoft Visual Studio Solution File, Format Version 12.00
Project("{FAE04EC0-301F-11D3-BF4B-00C04F79EFBC}") = "HakerNewsAPI", "HakerNewsAPI\HakerNewsAPI.csproj", "{A55D07A5-8A19-4A21-BF0F-3B5707FF413D}"
EndProject
Global
	GlobalSection(SolutionConfigurationPlatforms) = preSolution
		Debug|Any CPU = Debug|Any CPU
		Release|Any CPU = Release|Any CPU
	EndGlobalSection
	GlobalSection(ProjectConfigurationPlatforms) = postSolution
		{A55D07A5-8A19-4A21-BF0F-3B5707FF413D}.Debug|Any CPU.ActiveCfg = Debug|Any CPU
		{A55D07A5-8A19-4A21-BF0F-3B5707FF413D}.Debug|Any CPU.Build.0 = Debug|Any CPU
		{A55D07A5-8A19-4A21-BF0F-3B5707FF413D}.Release|Any CPU.ActiveCfg = Release|Any CPU
		{A55D07A5-8A19-4A21-BF0F-3B5707FF413D}.Release|Any CPU.Build.0 = Release|Any CPU
	EndGlobalSection
EndGlobal
